
Microsoft Visual Studio Solution File, Format Version 12.00
# Visual Studio 2012
Project("{BD93734F-666E-4EF4-9D17-2B81366A04D5}") = "App", "App.bmproj", "{A5F4BC0C-774B-4156-A729-7889EBC7374D}"
EndProject
Global
	GlobalSection(SolutionConfigurationPlatforms) = preSolution
		Debug - drd|Any CPU = Debug - drd|Any CPU
		Debug - gdb|Any CPU = Debug - gdb|Any CPU
		Debug|Any CPU = Debug|Any CPU
		Debug - helgrind|Any CPU = Debug - helgrind|Any CPU
		Debug - memcheck|Any CPU = Debug - memcheck|Any CPU
		Distribution|Any CPU = Distribution|Any CPU
		Release|Any CPU = Release|Any CPU
		Validate|Any CPU = Validate|Any CPU
	EndGlobalSection
	GlobalSection(ProjectConfigurationPlatforms) = postSolution
		{A5F4BC0C-774B-4156-A729-7889EBC7374D}.Debug - drd|Any CPU.ActiveCfg = Debug - drd|Any CPU
		{A5F4BC0C-774B-4156-A729-7889EBC7374D}.Debug - drd|Any CPU.Build.0 = Debug - drd|Any CPU
		{A5F4BC0C-774B-4156-A729-7889EBC7374D}.Debug - gdb|Any CPU.ActiveCfg = Debug - gdb|Any CPU
		{A5F4BC0C-774B-4156-A729-7889EBC7374D}.Debug - gdb|Any CPU.Build.0 = Debug - gdb|Any CPU
		{A5F4BC0C-774B-4156-A729-7889EBC7374D}.Debug|Any CPU.ActiveCfg = Debug|Any CPU
		{A5F4BC0C-774B-4156-A729-7889EBC7374D}.Debug|Any CPU.Build.0 = Debug|Any CPU
		{A5F4BC0C-774B-4156-A729-7889EBC7374D}.Debug - helgrind|Any CPU.ActiveCfg = Debug - helgrind|Any CPU
		{A5F4BC0C-774B-4156-A729-7889EBC7374D}.Debug - helgrind|Any CPU.Build.0 = Debug - helgrind|Any CPU
		{A5F4BC0C-774B-4156-A729-7889EBC7374D}.Debug - memcheck|Any CPU.ActiveCfg = Debug - memcheck|Any CPU
		{A5F4BC0C-774B-4156-A729-7889EBC7374D}.Debug - memcheck|Any CPU.Build.0 = Debug - memcheck|Any CPU
		{A5F4BC0C-774B-4156-A729-7889EBC7374D}.Distribution|Any CPU.ActiveCfg = Distribution|Any CPU
		{A5F4BC0C-774B-4156-A729-7889EBC7374D}.Distribution|Any CPU.Build.0 = Distribution|Any CPU
		{A5F4BC0C-774B-4156-A729-7889EBC7374D}.Release|Any CPU.ActiveCfg = Release|Any CPU
		{A5F4BC0C-774B-4156-A729-7889EBC7374D}.Release|Any CPU.Build.0 = Release|Any CPU
		{A5F4BC0C-774B-4156-A729-7889EBC7374D}.Validate|Any CPU.ActiveCfg = Validate|Any CPU
		{A5F4BC0C-774B-4156-A729-7889EBC7374D}.Validate|Any CPU.Build.0 = Validate|Any CPU
	EndGlobalSection
	GlobalSection(SolutionProperties) = preSolution
		HideSolutionNode = FALSE
	EndGlobalSection
EndGlobal
