
Microsoft Visual Studio Solution File, Format Version 12.00
# Visual Studio 2012
Project("{BD93734F-666E-4EF4-9D17-2B81366A04D5}") = "App", "App.bmproj", "{EDB8DBBC-E641-4F2B-99BB-3E8050C8E485}"
EndProject
Global
	GlobalSection(SolutionConfigurationPlatforms) = preSolution
		Debug - drd|Any CPU = Debug - drd|Any CPU
		Debug - gdb|Any CPU = Debug - gdb|Any CPU
		Debug|Any CPU = Debug|Any CPU
		Debug - helgrind|Any CPU = Debug - helgrind|Any CPU
		Debug - memcheck|Any CPU = Debug - memcheck|Any CPU
		Distribution|Any CPU = Distribution|Any CPU
		Release|Any CPU = Release|Any CPU
		Validate|Any CPU = Validate|Any CPU
	EndGlobalSection
	GlobalSection(ProjectConfigurationPlatforms) = postSolution
		{EDB8DBBC-E641-4F2B-99BB-3E8050C8E485}.Debug - drd|Any CPU.ActiveCfg = Debug - drd|Any CPU
		{EDB8DBBC-E641-4F2B-99BB-3E8050C8E485}.Debug - drd|Any CPU.Build.0 = Debug - drd|Any CPU
		{EDB8DBBC-E641-4F2B-99BB-3E8050C8E485}.Debug - gdb|Any CPU.ActiveCfg = Debug - gdb|Any CPU
		{EDB8DBBC-E641-4F2B-99BB-3E8050C8E485}.Debug - gdb|Any CPU.Build.0 = Debug - gdb|Any CPU
		{EDB8DBBC-E641-4F2B-99BB-3E8050C8E485}.Debug|Any CPU.ActiveCfg = Debug|Any CPU
		{EDB8DBBC-E641-4F2B-99BB-3E8050C8E485}.Debug|Any CPU.Build.0 = Debug|Any CPU
		{EDB8DBBC-E641-4F2B-99BB-3E8050C8E485}.Debug - helgrind|Any CPU.ActiveCfg = Debug - helgrind|Any CPU
		{EDB8DBBC-E641-4F2B-99BB-3E8050C8E485}.Debug - helgrind|Any CPU.Build.0 = Debug - helgrind|Any CPU
		{EDB8DBBC-E641-4F2B-99BB-3E8050C8E485}.Debug - memcheck|Any CPU.ActiveCfg = Debug - memcheck|Any CPU
		{EDB8DBBC-E641-4F2B-99BB-3E8050C8E485}.Debug - memcheck|Any CPU.Build.0 = Debug - memcheck|Any CPU
		{EDB8DBBC-E641-4F2B-99BB-3E8050C8E485}.Distribution|Any CPU.ActiveCfg = Distribution|Any CPU
		{EDB8DBBC-E641-4F2B-99BB-3E8050C8E485}.Distribution|Any CPU.Build.0 = Distribution|Any CPU
		{EDB8DBBC-E641-4F2B-99BB-3E8050C8E485}.Release|Any CPU.ActiveCfg = Release|Any CPU
		{EDB8DBBC-E641-4F2B-99BB-3E8050C8E485}.Release|Any CPU.Build.0 = Release|Any CPU
		{EDB8DBBC-E641-4F2B-99BB-3E8050C8E485}.Validate|Any CPU.ActiveCfg = Validate|Any CPU
		{EDB8DBBC-E641-4F2B-99BB-3E8050C8E485}.Validate|Any CPU.Build.0 = Validate|Any CPU
	EndGlobalSection
	GlobalSection(SolutionProperties) = preSolution
		HideSolutionNode = FALSE
	EndGlobalSection
EndGlobal
