
Microsoft Visual Studio Solution File, Format Version 12.00
# Visual Studio 2012
Project("{FAE04EC0-301F-11D3-BF4B-00C04F79EFBC}") = "Tests.cs", "Tests.cs.csproj", "{ECB5FD87-E14A-49A4-A1A2-A137CEFA94B5}"
EndProject
Project("{BD93734F-666E-4EF4-9D17-2B81366A04D5}") = "Tests.bmlg", "Tests.bmlg.bmproj", "{E25C41BB-A263-429C-A364-D6F07D9BF919}"
EndProject
Project("{BD93734F-666E-4EF4-9D17-2B81366A04D5}") = "Tests.Linux.bmlg", "Tests.Linux.bmlg.bmproj", "{FF5EF67C-BF1F-49EB-8DED-A3775AF7B2E1}"
EndProject
Global
	GlobalSection(SolutionConfigurationPlatforms) = preSolution
		Debug - drd|Any CPU = Debug - drd|Any CPU
		Debug - drd|x64 = Debug - drd|x64
		Debug - drd|x86 = Debug - drd|x86
		Debug - gdb|Any CPU = Debug - gdb|Any CPU
		Debug - gdb|x64 = Debug - gdb|x64
		Debug - gdb|x86 = Debug - gdb|x86
		Debug - helgrind|Any CPU = Debug - helgrind|Any CPU
		Debug - helgrind|x64 = Debug - helgrind|x64
		Debug - helgrind|x86 = Debug - helgrind|x86
		Debug - memcheck|Any CPU = Debug - memcheck|Any CPU
		Debug - memcheck|x64 = Debug - memcheck|x64
		Debug - memcheck|x86 = Debug - memcheck|x86
		Debug|Any CPU = Debug|Any CPU
		Debug|x64 = Debug|x64
		Debug|x86 = Debug|x86
		Distribution|Any CPU = Distribution|Any CPU
		Distribution|x64 = Distribution|x64
		Distribution|x86 = Distribution|x86
		Release|Any CPU = Release|Any CPU
		Release|x64 = Release|x64
		Release|x86 = Release|x86
		Validate|Any CPU = Validate|Any CPU
		Validate|x64 = Validate|x64
		Validate|x86 = Validate|x86
	EndGlobalSection
	GlobalSection(ProjectConfigurationPlatforms) = postSolution
		{ECB5FD87-E14A-49A4-A1A2-A137CEFA94B5}.Debug - drd|Any CPU.ActiveCfg = Debug|x64
		{ECB5FD87-E14A-49A4-A1A2-A137CEFA94B5}.Debug - drd|x64.ActiveCfg = Debug|x64
		{ECB5FD87-E14A-49A4-A1A2-A137CEFA94B5}.Debug - drd|x64.Build.0 = Debug|x64
		{ECB5FD87-E14A-49A4-A1A2-A137CEFA94B5}.Debug - drd|x86.ActiveCfg = Debug|x64
		{ECB5FD87-E14A-49A4-A1A2-A137CEFA94B5}.Debug - gdb|Any CPU.ActiveCfg = Debug|x64
		{ECB5FD87-E14A-49A4-A1A2-A137CEFA94B5}.Debug - gdb|x64.ActiveCfg = Debug|x64
		{ECB5FD87-E14A-49A4-A1A2-A137CEFA94B5}.Debug - gdb|x64.Build.0 = Debug|x64
		{ECB5FD87-E14A-49A4-A1A2-A137CEFA94B5}.Debug - gdb|x86.ActiveCfg = Debug|x64
		{ECB5FD87-E14A-49A4-A1A2-A137CEFA94B5}.Debug - helgrind|Any CPU.ActiveCfg = Debug|x64
		{ECB5FD87-E14A-49A4-A1A2-A137CEFA94B5}.Debug - helgrind|x64.ActiveCfg = Debug|x64
		{ECB5FD87-E14A-49A4-A1A2-A137CEFA94B5}.Debug - helgrind|x64.Build.0 = Debug|x64
		{ECB5FD87-E14A-49A4-A1A2-A137CEFA94B5}.Debug - helgrind|x86.ActiveCfg = Debug|x64
		{ECB5FD87-E14A-49A4-A1A2-A137CEFA94B5}.Debug - memcheck|Any CPU.ActiveCfg = Debug|x64
		{ECB5FD87-E14A-49A4-A1A2-A137CEFA94B5}.Debug - memcheck|x64.ActiveCfg = Debug|x64
		{ECB5FD87-E14A-49A4-A1A2-A137CEFA94B5}.Debug - memcheck|x64.Build.0 = Debug|x64
		{ECB5FD87-E14A-49A4-A1A2-A137CEFA94B5}.Debug - memcheck|x86.ActiveCfg = Debug|x64
		{ECB5FD87-E14A-49A4-A1A2-A137CEFA94B5}.Debug|Any CPU.ActiveCfg = Debug|x64
		{ECB5FD87-E14A-49A4-A1A2-A137CEFA94B5}.Debug|x64.ActiveCfg = Debug|x64
		{ECB5FD87-E14A-49A4-A1A2-A137CEFA94B5}.Debug|x64.Build.0 = Debug|x64
		{ECB5FD87-E14A-49A4-A1A2-A137CEFA94B5}.Debug|x86.ActiveCfg = Debug|x86
		{ECB5FD87-E14A-49A4-A1A2-A137CEFA94B5}.Debug|x86.Build.0 = Debug|x86
		{ECB5FD87-E14A-49A4-A1A2-A137CEFA94B5}.Distribution|Any CPU.ActiveCfg = Debug|x64
		{ECB5FD87-E14A-49A4-A1A2-A137CEFA94B5}.Distribution|x64.ActiveCfg = Debug|x64
		{ECB5FD87-E14A-49A4-A1A2-A137CEFA94B5}.Distribution|x64.Build.0 = Debug|x64
		{ECB5FD87-E14A-49A4-A1A2-A137CEFA94B5}.Distribution|x86.ActiveCfg = Release|x86
		{ECB5FD87-E14A-49A4-A1A2-A137CEFA94B5}.Distribution|x86.Build.0 = Release|x86
		{ECB5FD87-E14A-49A4-A1A2-A137CEFA94B5}.Release|Any CPU.ActiveCfg = Release|x64
		{ECB5FD87-E14A-49A4-A1A2-A137CEFA94B5}.Release|x64.ActiveCfg = Release|x64
		{ECB5FD87-E14A-49A4-A1A2-A137CEFA94B5}.Release|x64.Build.0 = Release|x64
		{ECB5FD87-E14A-49A4-A1A2-A137CEFA94B5}.Release|x86.ActiveCfg = Release|x86
		{ECB5FD87-E14A-49A4-A1A2-A137CEFA94B5}.Release|x86.Build.0 = Release|x86
		{ECB5FD87-E14A-49A4-A1A2-A137CEFA94B5}.Validate|Any CPU.ActiveCfg = Release|x64
		{ECB5FD87-E14A-49A4-A1A2-A137CEFA94B5}.Validate|x64.ActiveCfg = Release|x64
		{ECB5FD87-E14A-49A4-A1A2-A137CEFA94B5}.Validate|x64.Build.0 = Release|x64
		{ECB5FD87-E14A-49A4-A1A2-A137CEFA94B5}.Validate|x86.ActiveCfg = Release|x86
		{ECB5FD87-E14A-49A4-A1A2-A137CEFA94B5}.Validate|x86.Build.0 = Release|x86
		{E25C41BB-A263-429C-A364-D6F07D9BF919}.Debug - drd|Any CPU.ActiveCfg = Release|Any CPU
		{E25C41BB-A263-429C-A364-D6F07D9BF919}.Debug - drd|Any CPU.Build.0 = Release|Any CPU
		{E25C41BB-A263-429C-A364-D6F07D9BF919}.Debug - drd|x64.ActiveCfg = Release|Any CPU
		{E25C41BB-A263-429C-A364-D6F07D9BF919}.Debug - drd|x86.ActiveCfg = Release|Any CPU
		{E25C41BB-A263-429C-A364-D6F07D9BF919}.Debug - gdb|Any CPU.ActiveCfg = Release|Any CPU
		{E25C41BB-A263-429C-A364-D6F07D9BF919}.Debug - gdb|Any CPU.Build.0 = Release|Any CPU
		{E25C41BB-A263-429C-A364-D6F07D9BF919}.Debug - gdb|x64.ActiveCfg = Release|Any CPU
		{E25C41BB-A263-429C-A364-D6F07D9BF919}.Debug - gdb|x86.ActiveCfg = Release|Any CPU
		{E25C41BB-A263-429C-A364-D6F07D9BF919}.Debug - helgrind|Any CPU.ActiveCfg = Release|Any CPU
		{E25C41BB-A263-429C-A364-D6F07D9BF919}.Debug - helgrind|Any CPU.Build.0 = Release|Any CPU
		{E25C41BB-A263-429C-A364-D6F07D9BF919}.Debug - helgrind|x64.ActiveCfg = Release|Any CPU
		{E25C41BB-A263-429C-A364-D6F07D9BF919}.Debug - helgrind|x86.ActiveCfg = Release|Any CPU
		{E25C41BB-A263-429C-A364-D6F07D9BF919}.Debug - memcheck|Any CPU.ActiveCfg = Release|Any CPU
		{E25C41BB-A263-429C-A364-D6F07D9BF919}.Debug - memcheck|Any CPU.Build.0 = Release|Any CPU
		{E25C41BB-A263-429C-A364-D6F07D9BF919}.Debug - memcheck|x64.ActiveCfg = Release|Any CPU
		{E25C41BB-A263-429C-A364-D6F07D9BF919}.Debug - memcheck|x86.ActiveCfg = Release|Any CPU
		{E25C41BB-A263-429C-A364-D6F07D9BF919}.Debug|Any CPU.ActiveCfg = Release|Any CPU
		{E25C41BB-A263-429C-A364-D6F07D9BF919}.Debug|Any CPU.Build.0 = Release|Any CPU
		{E25C41BB-A263-429C-A364-D6F07D9BF919}.Debug|x64.ActiveCfg = Release|Any CPU
		{E25C41BB-A263-429C-A364-D6F07D9BF919}.Debug|x86.ActiveCfg = Release|Any CPU
		{E25C41BB-A263-429C-A364-D6F07D9BF919}.Debug|x86.Build.0 = Release|Any CPU
		{E25C41BB-A263-429C-A364-D6F07D9BF919}.Distribution|Any CPU.ActiveCfg = Release|Any CPU
		{E25C41BB-A263-429C-A364-D6F07D9BF919}.Distribution|Any CPU.Build.0 = Release|Any CPU
		{E25C41BB-A263-429C-A364-D6F07D9BF919}.Distribution|x64.ActiveCfg = Release|Any CPU
		{E25C41BB-A263-429C-A364-D6F07D9BF919}.Distribution|x86.ActiveCfg = Release|Any CPU
		{E25C41BB-A263-429C-A364-D6F07D9BF919}.Distribution|x86.Build.0 = Release|Any CPU
		{E25C41BB-A263-429C-A364-D6F07D9BF919}.Release|Any CPU.ActiveCfg = Release|Any CPU
		{E25C41BB-A263-429C-A364-D6F07D9BF919}.Release|Any CPU.Build.0 = Release|Any CPU
		{E25C41BB-A263-429C-A364-D6F07D9BF919}.Release|x64.ActiveCfg = Release|Any CPU
		{E25C41BB-A263-429C-A364-D6F07D9BF919}.Release|x86.ActiveCfg = Release|Any CPU
		{E25C41BB-A263-429C-A364-D6F07D9BF919}.Release|x86.Build.0 = Release|Any CPU
		{E25C41BB-A263-429C-A364-D6F07D9BF919}.Validate|Any CPU.ActiveCfg = Validate|Any CPU
		{E25C41BB-A263-429C-A364-D6F07D9BF919}.Validate|Any CPU.Build.0 = Validate|Any CPU
		{E25C41BB-A263-429C-A364-D6F07D9BF919}.Validate|x64.ActiveCfg = Validate|Any CPU
		{E25C41BB-A263-429C-A364-D6F07D9BF919}.Validate|x86.ActiveCfg = Validate|Any CPU
		{E25C41BB-A263-429C-A364-D6F07D9BF919}.Validate|x86.Build.0 = Validate|Any CPU
		{FF5EF67C-BF1F-49EB-8DED-A3775AF7B2E1}.Debug - drd|Any CPU.ActiveCfg = Debug - drd|Any CPU
		{FF5EF67C-BF1F-49EB-8DED-A3775AF7B2E1}.Debug - drd|Any CPU.Build.0 = Debug - drd|Any CPU
		{FF5EF67C-BF1F-49EB-8DED-A3775AF7B2E1}.Debug - drd|x64.ActiveCfg = Debug - drd|Any CPU
		{FF5EF67C-BF1F-49EB-8DED-A3775AF7B2E1}.Debug - drd|x86.ActiveCfg = Debug - drd|Any CPU
		{FF5EF67C-BF1F-49EB-8DED-A3775AF7B2E1}.Debug - gdb|Any CPU.ActiveCfg = Debug - gdb|Any CPU
		{FF5EF67C-BF1F-49EB-8DED-A3775AF7B2E1}.Debug - gdb|Any CPU.Build.0 = Debug - gdb|Any CPU
		{FF5EF67C-BF1F-49EB-8DED-A3775AF7B2E1}.Debug - gdb|x64.ActiveCfg = Debug - gdb|Any CPU
		{FF5EF67C-BF1F-49EB-8DED-A3775AF7B2E1}.Debug - gdb|x86.ActiveCfg = Debug - gdb|Any CPU
		{FF5EF67C-BF1F-49EB-8DED-A3775AF7B2E1}.Debug - gdb|x86.Build.0 = Debug - gdb|Any CPU
		{FF5EF67C-BF1F-49EB-8DED-A3775AF7B2E1}.Debug - helgrind|Any CPU.ActiveCfg = Debug - helgrind|Any CPU
		{FF5EF67C-BF1F-49EB-8DED-A3775AF7B2E1}.Debug - helgrind|Any CPU.Build.0 = Debug - helgrind|Any CPU
		{FF5EF67C-BF1F-49EB-8DED-A3775AF7B2E1}.Debug - helgrind|x64.ActiveCfg = Debug - helgrind|Any CPU
		{FF5EF67C-BF1F-49EB-8DED-A3775AF7B2E1}.Debug - helgrind|x86.ActiveCfg = Debug - helgrind|Any CPU
		{FF5EF67C-BF1F-49EB-8DED-A3775AF7B2E1}.Debug - memcheck|Any CPU.ActiveCfg = Debug - memcheck|Any CPU
		{FF5EF67C-BF1F-49EB-8DED-A3775AF7B2E1}.Debug - memcheck|Any CPU.Build.0 = Debug - memcheck|Any CPU
		{FF5EF67C-BF1F-49EB-8DED-A3775AF7B2E1}.Debug - memcheck|x64.ActiveCfg = Debug - memcheck|Any CPU
		{FF5EF67C-BF1F-49EB-8DED-A3775AF7B2E1}.Debug - memcheck|x86.ActiveCfg = Debug - memcheck|Any CPU
		{FF5EF67C-BF1F-49EB-8DED-A3775AF7B2E1}.Debug - memcheck|x86.Build.0 = Debug - memcheck|Any CPU
		{FF5EF67C-BF1F-49EB-8DED-A3775AF7B2E1}.Debug|Any CPU.ActiveCfg = Debug|Any CPU
		{FF5EF67C-BF1F-49EB-8DED-A3775AF7B2E1}.Debug|Any CPU.Build.0 = Debug|Any CPU
		{FF5EF67C-BF1F-49EB-8DED-A3775AF7B2E1}.Debug|x64.ActiveCfg = Debug|Any CPU
		{FF5EF67C-BF1F-49EB-8DED-A3775AF7B2E1}.Debug|x86.ActiveCfg = Debug|Any CPU
		{FF5EF67C-BF1F-49EB-8DED-A3775AF7B2E1}.Debug|x86.Build.0 = Debug|Any CPU
		{FF5EF67C-BF1F-49EB-8DED-A3775AF7B2E1}.Distribution|Any CPU.ActiveCfg = Distribution|Any CPU
		{FF5EF67C-BF1F-49EB-8DED-A3775AF7B2E1}.Distribution|Any CPU.Build.0 = Distribution|Any CPU
		{FF5EF67C-BF1F-49EB-8DED-A3775AF7B2E1}.Distribution|x64.ActiveCfg = Distribution|Any CPU
		{FF5EF67C-BF1F-49EB-8DED-A3775AF7B2E1}.Distribution|x86.ActiveCfg = Distribution|Any CPU
		{FF5EF67C-BF1F-49EB-8DED-A3775AF7B2E1}.Distribution|x86.Build.0 = Distribution|Any CPU
		{FF5EF67C-BF1F-49EB-8DED-A3775AF7B2E1}.Release|Any CPU.ActiveCfg = Release|Any CPU
		{FF5EF67C-BF1F-49EB-8DED-A3775AF7B2E1}.Release|Any CPU.Build.0 = Release|Any CPU
		{FF5EF67C-BF1F-49EB-8DED-A3775AF7B2E1}.Release|x64.ActiveCfg = Release|Any CPU
		{FF5EF67C-BF1F-49EB-8DED-A3775AF7B2E1}.Release|x86.ActiveCfg = Release|Any CPU
		{FF5EF67C-BF1F-49EB-8DED-A3775AF7B2E1}.Release|x86.Build.0 = Release|Any CPU
		{FF5EF67C-BF1F-49EB-8DED-A3775AF7B2E1}.Validate|Any CPU.ActiveCfg = Validate|Any CPU
		{FF5EF67C-BF1F-49EB-8DED-A3775AF7B2E1}.Validate|Any CPU.Build.0 = Validate|Any CPU
		{FF5EF67C-BF1F-49EB-8DED-A3775AF7B2E1}.Validate|x64.ActiveCfg = Validate|Any CPU
		{FF5EF67C-BF1F-49EB-8DED-A3775AF7B2E1}.Validate|x86.ActiveCfg = Validate|Any CPU
		{FF5EF67C-BF1F-49EB-8DED-A3775AF7B2E1}.Validate|x86.Build.0 = Validate|Any CPU
	EndGlobalSection
	GlobalSection(SolutionProperties) = preSolution
		HideSolutionNode = FALSE
	EndGlobalSection
EndGlobal
