
Microsoft Visual Studio Solution File, Format Version 12.00
# Visual Studio 2012
Project("{BD93734F-666E-4EF4-9D17-2B81366A04D5}") = "App", "App.bmproj", "{4F9BF67B-9BE0-4995-B598-78F77AE9790B}"
EndProject
Global
	GlobalSection(SolutionConfigurationPlatforms) = preSolution
		Debug - drd|Any CPU = Debug - drd|Any CPU
		Debug - gdb|Any CPU = Debug - gdb|Any CPU
		Debug|Any CPU = Debug|Any CPU
		Debug - helgrind|Any CPU = Debug - helgrind|Any CPU
		Debug - memcheck|Any CPU = Debug - memcheck|Any CPU
		Distribution|Any CPU = Distribution|Any CPU
		Release|Any CPU = Release|Any CPU
		Validate|Any CPU = Validate|Any CPU
	EndGlobalSection
	GlobalSection(ProjectConfigurationPlatforms) = postSolution
		{4F9BF67B-9BE0-4995-B598-78F77AE9790B}.Debug - drd|Any CPU.ActiveCfg = Debug - drd|Any CPU
		{4F9BF67B-9BE0-4995-B598-78F77AE9790B}.Debug - drd|Any CPU.Build.0 = Debug - drd|Any CPU
		{4F9BF67B-9BE0-4995-B598-78F77AE9790B}.Debug - gdb|Any CPU.ActiveCfg = Debug - gdb|Any CPU
		{4F9BF67B-9BE0-4995-B598-78F77AE9790B}.Debug - gdb|Any CPU.Build.0 = Debug - gdb|Any CPU
		{4F9BF67B-9BE0-4995-B598-78F77AE9790B}.Debug|Any CPU.ActiveCfg = Debug|Any CPU
		{4F9BF67B-9BE0-4995-B598-78F77AE9790B}.Debug|Any CPU.Build.0 = Debug|Any CPU
		{4F9BF67B-9BE0-4995-B598-78F77AE9790B}.Debug - helgrind|Any CPU.ActiveCfg = Debug - helgrind|Any CPU
		{4F9BF67B-9BE0-4995-B598-78F77AE9790B}.Debug - helgrind|Any CPU.Build.0 = Debug - helgrind|Any CPU
		{4F9BF67B-9BE0-4995-B598-78F77AE9790B}.Debug - memcheck|Any CPU.ActiveCfg = Debug - memcheck|Any CPU
		{4F9BF67B-9BE0-4995-B598-78F77AE9790B}.Debug - memcheck|Any CPU.Build.0 = Debug - memcheck|Any CPU
		{4F9BF67B-9BE0-4995-B598-78F77AE9790B}.Distribution|Any CPU.ActiveCfg = Distribution|Any CPU
		{4F9BF67B-9BE0-4995-B598-78F77AE9790B}.Distribution|Any CPU.Build.0 = Distribution|Any CPU
		{4F9BF67B-9BE0-4995-B598-78F77AE9790B}.Release|Any CPU.ActiveCfg = Release|Any CPU
		{4F9BF67B-9BE0-4995-B598-78F77AE9790B}.Release|Any CPU.Build.0 = Release|Any CPU
		{4F9BF67B-9BE0-4995-B598-78F77AE9790B}.Validate|Any CPU.ActiveCfg = Validate|Any CPU
		{4F9BF67B-9BE0-4995-B598-78F77AE9790B}.Validate|Any CPU.Build.0 = Validate|Any CPU
	EndGlobalSection
	GlobalSection(SolutionProperties) = preSolution
		HideSolutionNode = FALSE
	EndGlobalSection
EndGlobal
