
Microsoft Visual Studio Solution File, Format Version 12.00
# Visual Studio 2012
Project("{BD93734F-666E-4EF4-9D17-2B81366A04D5}") = "App", "App.bmproj", "{AD436DA5-9A00-4F99-B282-7700598A5343}"
EndProject
Project("{FAE04EC0-301F-11D3-BF4B-00C04F79EFBC}") = "TestThriftSvc", "Test.sharp\TestThriftSvc.csproj", "{07EDB20F-160A-4528-A6D9-904DB0ACD08F}"
EndProject
Global
	GlobalSection(SolutionConfigurationPlatforms) = preSolution
		Debug - drd|Any CPU = Debug - drd|Any CPU
		Debug - gdb|Any CPU = Debug - gdb|Any CPU
		Debug - helgrind|Any CPU = Debug - helgrind|Any CPU
		Debug - memcheck|Any CPU = Debug - memcheck|Any CPU
		Debug|Any CPU = Debug|Any CPU
		Distribution|Any CPU = Distribution|Any CPU
		Release|Any CPU = Release|Any CPU
		Validate|Any CPU = Validate|Any CPU
	EndGlobalSection
	GlobalSection(ProjectConfigurationPlatforms) = postSolution
		{AD436DA5-9A00-4F99-B282-7700598A5343}.Debug - drd|Any CPU.ActiveCfg = Debug - drd|Any CPU
		{AD436DA5-9A00-4F99-B282-7700598A5343}.Debug - drd|Any CPU.Build.0 = Debug - drd|Any CPU
		{AD436DA5-9A00-4F99-B282-7700598A5343}.Debug - gdb|Any CPU.ActiveCfg = Debug - gdb|Any CPU
		{AD436DA5-9A00-4F99-B282-7700598A5343}.Debug - gdb|Any CPU.Build.0 = Debug - gdb|Any CPU
		{AD436DA5-9A00-4F99-B282-7700598A5343}.Debug - helgrind|Any CPU.ActiveCfg = Debug - helgrind|Any CPU
		{AD436DA5-9A00-4F99-B282-7700598A5343}.Debug - helgrind|Any CPU.Build.0 = Debug - helgrind|Any CPU
		{AD436DA5-9A00-4F99-B282-7700598A5343}.Debug - memcheck|Any CPU.ActiveCfg = Debug - memcheck|Any CPU
		{AD436DA5-9A00-4F99-B282-7700598A5343}.Debug - memcheck|Any CPU.Build.0 = Debug - memcheck|Any CPU
		{AD436DA5-9A00-4F99-B282-7700598A5343}.Debug|Any CPU.ActiveCfg = Debug|Any CPU
		{AD436DA5-9A00-4F99-B282-7700598A5343}.Debug|Any CPU.Build.0 = Debug|Any CPU
		{AD436DA5-9A00-4F99-B282-7700598A5343}.Distribution|Any CPU.ActiveCfg = Distribution|Any CPU
		{AD436DA5-9A00-4F99-B282-7700598A5343}.Distribution|Any CPU.Build.0 = Distribution|Any CPU
		{AD436DA5-9A00-4F99-B282-7700598A5343}.Release|Any CPU.ActiveCfg = Release|Any CPU
		{AD436DA5-9A00-4F99-B282-7700598A5343}.Release|Any CPU.Build.0 = Release|Any CPU
		{AD436DA5-9A00-4F99-B282-7700598A5343}.Validate|Any CPU.ActiveCfg = Validate|Any CPU
		{AD436DA5-9A00-4F99-B282-7700598A5343}.Validate|Any CPU.Build.0 = Validate|Any CPU
		{07EDB20F-160A-4528-A6D9-904DB0ACD08F}.Debug - drd|Any CPU.ActiveCfg = Debug|Any CPU
		{07EDB20F-160A-4528-A6D9-904DB0ACD08F}.Debug - drd|Any CPU.Build.0 = Debug|Any CPU
		{07EDB20F-160A-4528-A6D9-904DB0ACD08F}.Debug - gdb|Any CPU.ActiveCfg = Debug|Any CPU
		{07EDB20F-160A-4528-A6D9-904DB0ACD08F}.Debug - gdb|Any CPU.Build.0 = Debug|Any CPU
		{07EDB20F-160A-4528-A6D9-904DB0ACD08F}.Debug - helgrind|Any CPU.ActiveCfg = Debug|Any CPU
		{07EDB20F-160A-4528-A6D9-904DB0ACD08F}.Debug - helgrind|Any CPU.Build.0 = Debug|Any CPU
		{07EDB20F-160A-4528-A6D9-904DB0ACD08F}.Debug - memcheck|Any CPU.ActiveCfg = Debug|Any CPU
		{07EDB20F-160A-4528-A6D9-904DB0ACD08F}.Debug - memcheck|Any CPU.Build.0 = Debug|Any CPU
		{07EDB20F-160A-4528-A6D9-904DB0ACD08F}.Debug|Any CPU.ActiveCfg = Debug|Any CPU
		{07EDB20F-160A-4528-A6D9-904DB0ACD08F}.Debug|Any CPU.Build.0 = Debug|Any CPU
		{07EDB20F-160A-4528-A6D9-904DB0ACD08F}.Distribution|Any CPU.ActiveCfg = Debug|Any CPU
		{07EDB20F-160A-4528-A6D9-904DB0ACD08F}.Distribution|Any CPU.Build.0 = Debug|Any CPU
		{07EDB20F-160A-4528-A6D9-904DB0ACD08F}.Release|Any CPU.ActiveCfg = Release|Any CPU
		{07EDB20F-160A-4528-A6D9-904DB0ACD08F}.Release|Any CPU.Build.0 = Release|Any CPU
		{07EDB20F-160A-4528-A6D9-904DB0ACD08F}.Validate|Any CPU.ActiveCfg = Release|Any CPU
		{07EDB20F-160A-4528-A6D9-904DB0ACD08F}.Validate|Any CPU.Build.0 = Release|Any CPU
	EndGlobalSection
	GlobalSection(SolutionProperties) = preSolution
		HideSolutionNode = FALSE
	EndGlobalSection
EndGlobal
