
Microsoft Visual Studio Solution File, Format Version 12.00
# Visual Studio 2012
Project("{BD93734F-666E-4EF4-9D17-2B81366A04D5}") = "App", "App.bmproj", "{9673D74D-0047-4E33-92D0-C4BE8D9E0A1E}"
EndProject
Global
	GlobalSection(SolutionConfigurationPlatforms) = preSolution
		Debug - drd|Any CPU = Debug - drd|Any CPU
		Debug - gdb|Any CPU = Debug - gdb|Any CPU
		Debug - helgrind|Any CPU = Debug - helgrind|Any CPU
		Debug - memcheck|Any CPU = Debug - memcheck|Any CPU
		Debug|Any CPU = Debug|Any CPU
		Distribution|Any CPU = Distribution|Any CPU
		Release|Any CPU = Release|Any CPU
		Validate|Any CPU = Validate|Any CPU
	EndGlobalSection
	GlobalSection(ProjectConfigurationPlatforms) = postSolution
		{9673D74D-0047-4E33-92D0-C4BE8D9E0A1E}.Debug - drd|Any CPU.ActiveCfg = Debug - drd|Any CPU
		{9673D74D-0047-4E33-92D0-C4BE8D9E0A1E}.Debug - drd|Any CPU.Build.0 = Debug - drd|Any CPU
		{9673D74D-0047-4E33-92D0-C4BE8D9E0A1E}.Debug - gdb|Any CPU.ActiveCfg = Debug - gdb|Any CPU
		{9673D74D-0047-4E33-92D0-C4BE8D9E0A1E}.Debug - gdb|Any CPU.Build.0 = Debug - gdb|Any CPU
		{9673D74D-0047-4E33-92D0-C4BE8D9E0A1E}.Debug - helgrind|Any CPU.ActiveCfg = Debug - helgrind|Any CPU
		{9673D74D-0047-4E33-92D0-C4BE8D9E0A1E}.Debug - helgrind|Any CPU.Build.0 = Debug - helgrind|Any CPU
		{9673D74D-0047-4E33-92D0-C4BE8D9E0A1E}.Debug - memcheck|Any CPU.ActiveCfg = Debug - memcheck|Any CPU
		{9673D74D-0047-4E33-92D0-C4BE8D9E0A1E}.Debug - memcheck|Any CPU.Build.0 = Debug - memcheck|Any CPU
		{9673D74D-0047-4E33-92D0-C4BE8D9E0A1E}.Debug|Any CPU.ActiveCfg = Debug|Any CPU
		{9673D74D-0047-4E33-92D0-C4BE8D9E0A1E}.Debug|Any CPU.Build.0 = Debug|Any CPU
		{9673D74D-0047-4E33-92D0-C4BE8D9E0A1E}.Distribution|Any CPU.ActiveCfg = Distribution|Any CPU
		{9673D74D-0047-4E33-92D0-C4BE8D9E0A1E}.Distribution|Any CPU.Build.0 = Distribution|Any CPU
		{9673D74D-0047-4E33-92D0-C4BE8D9E0A1E}.Release|Any CPU.ActiveCfg = Release|Any CPU
		{9673D74D-0047-4E33-92D0-C4BE8D9E0A1E}.Release|Any CPU.Build.0 = Release|Any CPU
		{9673D74D-0047-4E33-92D0-C4BE8D9E0A1E}.Validate|Any CPU.ActiveCfg = Validate|Any CPU
		{9673D74D-0047-4E33-92D0-C4BE8D9E0A1E}.Validate|Any CPU.Build.0 = Validate|Any CPU
	EndGlobalSection
	GlobalSection(SolutionProperties) = preSolution
		HideSolutionNode = FALSE
	EndGlobalSection
EndGlobal
